{
    "_readme": [
        "This file locks the dependencies of your project to a known state",
        "Read more about it at https://getcomposer.org/doc/01-basic-usage.md#installing-dependencies",
        "This file is @generated automatically"
    ],
    "content-hash": "6238811559f2e70ad0dc66e1def11cfa",
    "packages": [
        {
            "name": "league/csv",
            "version": "9.15.0",
            "source": {
                "type": "git",
                "url": "https://github.com/thephpleague/csv.git",
                "reference": "fa7e2441c0bc9b2360f4314fd6c954f7ff40d435"
            },
            "dist": {
                "type": "zip",
                "url": "https://api.github.com/repos/thephpleague/csv/zipball/fa7e2441c0bc9b2360f4314fd6c954f7ff40d435",
                "reference": "fa7e2441c0bc9b2360f4314fd6c954f7ff40d435",
                "shasum": ""
            },
            "require": {
                "ext-filter": "*",
                "ext-json": "*",
                "ext-mbstring": "*",
                "php": "^8.1.2"
            },
            "require-dev": {
                "doctrine/collections": "^2.1.4",
                "ext-dom": "*",
                "ext-xdebug": "*",
                "friendsofphp/php-cs-fixer": "^v3.22.0",
                "phpbench/phpbench": "^1.2.15",
                "phpstan/phpstan": "^1.10.57",
                "phpstan/phpstan-deprecation-rules": "^1.1.4",
                "phpstan/phpstan-phpunit": "^1.3.15",
                "phpstan/phpstan-strict-rules": "^1.5.2",
                "phpunit/phpunit": "^10.5.9",
                "symfony/var-dumper": "^6.4.2"
            },
            "suggest": {
                "ext-dom": "Required to use the XMLConverter and the HTMLConverter classes",
                "ext-iconv": "Needed to ease transcoding CSV using iconv stream filters"
            },
            "type": "library",
            "extra": {
                "branch-alias": {
                    "dev-master": "9.x-dev"
                }
            },
            "autoload": {
                "files": [
                    "src/functions_include.php"
                ],
                "psr-4": {
                    "League\\Csv\\": "src"
                }
            },
            "notification-url": "https://packagist.org/downloads/",
            "license": [
                "MIT"
            ],
            "authors": [
                {
                    "name": "Ignace Nyamagana Butera",
                    "email": "nyamsprod@gmail.com",
                    "homepage": "https://github.com/nyamsprod/",
                    "role": "Developer"
                }
            ],
            "description": "CSV data manipulation made easy in PHP",
            "homepage": "https://csv.thephpleague.com",
            "keywords": [
                "convert",
                "csv",
                "export",
                "filter",
                "import",
                "read",
                "transform",
                "write"
            ],
            "support": {
                "docs": "https://csv.thephpleague.com",
                "issues": "https://github.com/thephpleague/csv/issues",
                "rss": "https://github.com/thephpleague/csv/releases.atom",
                "source": "https://github.com/thephpleague/csv"
            },
            "funding": [
                {
                    "url": "https://github.com/sponsors/nyamsprod",
                    "type": "github"
                }
            ],
            "time": "2024-02-20T20:00:00+00:00"
        },
        {
            "name": "paragonie/constant_time_encoding",
            "version": "v2.6.3",
            "source": {
                "type": "git",
                "url": "https://github.com/paragonie/constant_time_encoding.git",
                "reference": "58c3f47f650c94ec05a151692652a868995d2938"
            },
            "dist": {
                "type": "zip",
                "url": "https://api.github.com/repos/paragonie/constant_time_encoding/zipball/58c3f47f650c94ec05a151692652a868995d2938",
                "reference": "58c3f47f650c94ec05a151692652a868995d2938",
                "shasum": ""
            },
            "require": {
                "php": "^7|^8"
            },
            "require-dev": {
                "phpunit/phpunit": "^6|^7|^8|^9",
                "vimeo/psalm": "^1|^2|^3|^4"
            },
            "type": "library",
            "autoload": {
                "psr-4": {
                    "ParagonIE\\ConstantTime\\": "src/"
                }
            },
            "notification-url": "https://packagist.org/downloads/",
            "license": [
                "MIT"
            ],
            "authors": [
                {
                    "name": "Paragon Initiative Enterprises",
                    "email": "security@paragonie.com",
                    "homepage": "https://paragonie.com",
                    "role": "Maintainer"
                },
                {
                    "name": "Steve 'Sc00bz' Thomas",
                    "email": "steve@tobtu.com",
                    "homepage": "https://www.tobtu.com",
                    "role": "Original Developer"
                }
            ],
            "description": "Constant-time Implementations of RFC 4648 Encoding (Base-64, Base-32, Base-16)",
            "keywords": [
                "base16",
                "base32",
                "base32_decode",
                "base32_encode",
                "base64",
                "base64_decode",
                "base64_encode",
                "bin2hex",
                "encoding",
                "hex",
                "hex2bin",
                "rfc4648"
            ],
            "support": {
                "email": "info@paragonie.com",
                "issues": "https://github.com/paragonie/constant_time_encoding/issues",
                "source": "https://github.com/paragonie/constant_time_encoding"
            },
            "time": "2022-06-14T06:56:20+00:00"
        },
        {
            "name": "paragonie/random_compat",
            "version": "v9.99.100",
            "source": {
                "type": "git",
                "url": "https://github.com/paragonie/random_compat.git",
                "reference": "996434e5492cb4c3edcb9168db6fbb1359ef965a"
            },
            "dist": {
                "type": "zip",
                "url": "https://api.github.com/repos/paragonie/random_compat/zipball/996434e5492cb4c3edcb9168db6fbb1359ef965a",
                "reference": "996434e5492cb4c3edcb9168db6fbb1359ef965a",
                "shasum": ""
            },
            "require": {
                "php": ">= 7"
            },
            "require-dev": {
                "phpunit/phpunit": "4.*|5.*",
                "vimeo/psalm": "^1"
            },
            "suggest": {
                "ext-libsodium": "Provides a modern crypto API that can be used to generate random bytes."
            },
            "type": "library",
            "notification-url": "https://packagist.org/downloads/",
            "license": [
                "MIT"
            ],
            "authors": [
                {
                    "name": "Paragon Initiative Enterprises",
                    "email": "security@paragonie.com",
                    "homepage": "https://paragonie.com"
                }
            ],
            "description": "PHP 5.x polyfill for random_bytes() and random_int() from PHP 7",
            "keywords": [
                "csprng",
                "polyfill",
                "pseudorandom",
                "random"
            ],
            "support": {
                "email": "info@paragonie.com",
                "issues": "https://github.com/paragonie/random_compat/issues",
                "source": "https://github.com/paragonie/random_compat"
            },
            "time": "2020-10-15T08:29:30+00:00"
        },
        {
            "name": "phpseclib/phpseclib",
            "version": "3.0.37",
            "source": {
                "type": "git",
                "url": "https://github.com/phpseclib/phpseclib.git",
                "reference": "cfa2013d0f68c062055180dd4328cc8b9d1f30b8"
            },
            "dist": {
                "type": "zip",
                "url": "https://api.github.com/repos/phpseclib/phpseclib/zipball/cfa2013d0f68c062055180dd4328cc8b9d1f30b8",
                "reference": "cfa2013d0f68c062055180dd4328cc8b9d1f30b8",
                "shasum": ""
            },
            "require": {
                "paragonie/constant_time_encoding": "^1|^2",
                "paragonie/random_compat": "^1.4|^2.0|^9.99.99",
                "php": ">=5.6.1"
            },
            "require-dev": {
                "phpunit/phpunit": "*"
            },
            "suggest": {
                "ext-dom": "Install the DOM extension to load XML formatted public keys.",
                "ext-gmp": "Install the GMP (GNU Multiple Precision) extension in order to speed up arbitrary precision integer arithmetic operations.",
                "ext-libsodium": "SSH2/SFTP can make use of some algorithms provided by the libsodium-php extension.",
                "ext-mcrypt": "Install the Mcrypt extension in order to speed up a few other cryptographic operations.",
                "ext-openssl": "Install the OpenSSL extension in order to speed up a wide variety of cryptographic operations."
            },
            "type": "library",
            "autoload": {
                "files": [
                    "phpseclib/bootstrap.php"
                ],
                "psr-4": {
                    "phpseclib3\\": "phpseclib/"
                }
            },
            "notification-url": "https://packagist.org/downloads/",
            "license": [
                "MIT"
            ],
            "authors": [
                {
                    "name": "Jim Wigginton",
                    "email": "terrafrost@php.net",
                    "role": "Lead Developer"
                },
                {
                    "name": "Patrick Monnerat",
                    "email": "pm@datasphere.ch",
                    "role": "Developer"
                },
                {
                    "name": "Andreas Fischer",
                    "email": "bantu@phpbb.com",
                    "role": "Developer"
                },
                {
                    "name": "Hans-Jürgen Petrich",
                    "email": "petrich@tronic-media.com",
                    "role": "Developer"
                },
                {
                    "name": "Graham Campbell",
                    "email": "graham@alt-three.com",
                    "role": "Developer"
                }
            ],
            "description": "PHP Secure Communications Library - Pure-PHP implementations of RSA, AES, SSH2, SFTP, X.509 etc.",
            "homepage": "http://phpseclib.sourceforge.net",
            "keywords": [
                "BigInteger",
                "aes",
                "asn.1",
                "asn1",
                "blowfish",
                "crypto",
                "cryptography",
                "encryption",
                "rsa",
                "security",
                "sftp",
                "signature",
                "signing",
                "ssh",
                "twofish",
                "x.509",
                "x509"
            ],
            "support": {
                "issues": "https://github.com/phpseclib/phpseclib/issues",
                "source": "https://github.com/phpseclib/phpseclib/tree/3.0.37"
            },
            "funding": [
                {
                    "url": "https://github.com/terrafrost",
                    "type": "github"
                },
                {
                    "url": "https://www.patreon.com/phpseclib",
                    "type": "patreon"
                },
                {
                    "url": "https://tidelift.com/funding/github/packagist/phpseclib/phpseclib",
                    "type": "tidelift"
                }
            ],
            "time": "2024-03-03T02:14:58+00:00"
        },
        {
            "name": "woocommerce/action-scheduler",
            "version": "3.7.4",
            "source": {
                "type": "git",
                "url": "https://github.com/woocommerce/action-scheduler.git",
                "reference": "5fb655253dc004bb7a6d840da807f0949aea8bcd"
            },
            "dist": {
                "type": "zip",
                "url": "https://api.github.com/repos/woocommerce/action-scheduler/zipball/5fb655253dc004bb7a6d840da807f0949aea8bcd",
                "reference": "5fb655253dc004bb7a6d840da807f0949aea8bcd",
                "shasum": ""
            },
            "require": {
                "php": ">=5.6"
            },
            "require-dev": {
                "phpunit/phpunit": "^7.5",
                "woocommerce/woocommerce-sniffs": "0.1.0",
                "wp-cli/wp-cli": "~2.5.0",
                "yoast/phpunit-polyfills": "^2.0"
            },
            "type": "wordpress-plugin",
            "extra": {
                "scripts-description": {
                    "test": "Run unit tests",
                    "phpcs": "Analyze code against the WordPress coding standards with PHP_CodeSniffer",
                    "phpcbf": "Fix coding standards warnings/errors automatically with PHP Code Beautifier"
                }
            },
            "notification-url": "https://packagist.org/downloads/",
            "license": [
                "GPL-3.0-or-later"
            ],
            "description": "Action Scheduler for WordPress and WooCommerce",
            "homepage": "https://actionscheduler.org/",
            "support": {
                "issues": "https://github.com/woocommerce/action-scheduler/issues",
                "source": "https://github.com/woocommerce/action-scheduler/tree/3.7.4"
            },
            "time": "2024-04-05T14:42:07+00:00"
        }
    ],
    "packages-dev": [
        {
            "name": "php-stubs/wordpress-stubs",
            "version": "v6.4.3",
            "source": {
                "type": "git",
                "url": "https://github.com/php-stubs/wordpress-stubs.git",
                "reference": "6105bdab2f26c0204fe90ecc53d5684754550e8f"
            },
            "dist": {
                "type": "zip",
                "url": "https://api.github.com/repos/php-stubs/wordpress-stubs/zipball/6105bdab2f26c0204fe90ecc53d5684754550e8f",
                "reference": "6105bdab2f26c0204fe90ecc53d5684754550e8f",
                "shasum": ""
            },
            "require-dev": {
                "dealerdirect/phpcodesniffer-composer-installer": "^1.0",
                "nikic/php-parser": "^4.13",
                "php": "^7.4 || ~8.0.0",
                "php-stubs/generator": "^0.8.3",
                "phpdocumentor/reflection-docblock": "^5.3",
                "phpstan/phpstan": "^1.10.49",
                "phpunit/phpunit": "^9.5",
                "szepeviktor/phpcs-psr-12-neutron-hybrid-ruleset": "^0.11"
            },
            "suggest": {
                "paragonie/sodium_compat": "Pure PHP implementation of libsodium",
                "symfony/polyfill-php80": "Symfony polyfill backporting some PHP 8.0+ features to lower PHP versions",
                "szepeviktor/phpstan-wordpress": "WordPress extensions for PHPStan"
            },
            "type": "library",
            "notification-url": "https://packagist.org/downloads/",
            "license": [
                "MIT"
            ],
            "description": "WordPress function and class declaration stubs for static analysis.",
            "homepage": "https://github.com/php-stubs/wordpress-stubs",
            "keywords": [
                "PHPStan",
                "static analysis",
                "wordpress"
            ],
            "support": {
                "issues": "https://github.com/php-stubs/wordpress-stubs/issues",
                "source": "https://github.com/php-stubs/wordpress-stubs/tree/v6.4.3"
            },
            "time": "2024-02-11T18:56:19+00:00"
        },
        {
            "name": "phpstan/extension-installer",
            "version": "1.3.1",
            "source": {
                "type": "git",
                "url": "https://github.com/phpstan/extension-installer.git",
                "reference": "f45734bfb9984c6c56c4486b71230355f066a58a"
            },
            "dist": {
                "type": "zip",
                "url": "https://api.github.com/repos/phpstan/extension-installer/zipball/f45734bfb9984c6c56c4486b71230355f066a58a",
                "reference": "f45734bfb9984c6c56c4486b71230355f066a58a",
                "shasum": ""
            },
            "require": {
                "composer-plugin-api": "^2.0",
                "php": "^7.2 || ^8.0",
                "phpstan/phpstan": "^1.9.0"
            },
            "require-dev": {
                "composer/composer": "^2.0",
                "php-parallel-lint/php-parallel-lint": "^1.2.0",
                "phpstan/phpstan-strict-rules": "^0.11 || ^0.12 || ^1.0"
            },
            "type": "composer-plugin",
            "extra": {
                "class": "PHPStan\\ExtensionInstaller\\Plugin"
            },
            "autoload": {
                "psr-4": {
                    "PHPStan\\ExtensionInstaller\\": "src/"
                }
            },
            "notification-url": "https://packagist.org/downloads/",
            "license": [
                "MIT"
            ],
            "description": "Composer plugin for automatic installation of PHPStan extensions",
            "support": {
                "issues": "https://github.com/phpstan/extension-installer/issues",
                "source": "https://github.com/phpstan/extension-installer/tree/1.3.1"
            },
            "time": "2023-05-24T08:59:17+00:00"
        },
        {
            "name": "phpstan/phpstan",
            "version": "1.10.66",
            "source": {
                "type": "git",
                "url": "https://github.com/phpstan/phpstan.git",
                "reference": "94779c987e4ebd620025d9e5fdd23323903950bd"
            },
            "dist": {
                "type": "zip",
                "url": "https://api.github.com/repos/phpstan/phpstan/zipball/94779c987e4ebd620025d9e5fdd23323903950bd",
                "reference": "94779c987e4ebd620025d9e5fdd23323903950bd",
                "shasum": ""
            },
            "require": {
                "php": "^7.2|^8.0"
            },
            "conflict": {
                "phpstan/phpstan-shim": "*"
            },
            "bin": [
                "phpstan",
                "phpstan.phar"
            ],
            "type": "library",
            "autoload": {
                "files": [
                    "bootstrap.php"
                ]
            },
            "notification-url": "https://packagist.org/downloads/",
            "license": [
                "MIT"
            ],
            "description": "PHPStan - PHP Static Analysis Tool",
            "keywords": [
                "dev",
                "static analysis"
            ],
            "support": {
                "docs": "https://phpstan.org/user-guide/getting-started",
                "forum": "https://github.com/phpstan/phpstan/discussions",
                "issues": "https://github.com/phpstan/phpstan/issues",
                "security": "https://github.com/phpstan/phpstan/security/policy",
                "source": "https://github.com/phpstan/phpstan-src"
            },
            "funding": [
                {
                    "url": "https://github.com/ondrejmirtes",
                    "type": "github"
                },
                {
                    "url": "https://github.com/phpstan",
                    "type": "github"
                },
                {
                    "url": "https://tidelift.com/funding/github/packagist/phpstan/phpstan",
                    "type": "tidelift"
                }
            ],
            "time": "2024-03-28T16:17:31+00:00"
        },
        {
            "name": "symfony/polyfill-php73",
            "version": "v1.29.0",
            "source": {
                "type": "git",
                "url": "https://github.com/symfony/polyfill-php73.git",
                "reference": "21bd091060673a1177ae842c0ef8fe30893114d2"
            },
            "dist": {
                "type": "zip",
                "url": "https://api.github.com/repos/symfony/polyfill-php73/zipball/21bd091060673a1177ae842c0ef8fe30893114d2",
                "reference": "21bd091060673a1177ae842c0ef8fe30893114d2",
                "shasum": ""
            },
            "require": {
                "php": ">=7.1"
            },
            "type": "library",
            "extra": {
                "thanks": {
                    "name": "symfony/polyfill",
                    "url": "https://github.com/symfony/polyfill"
                }
            },
            "autoload": {
                "files": [
                    "bootstrap.php"
                ],
                "psr-4": {
                    "Symfony\\Polyfill\\Php73\\": ""
                },
                "classmap": [
                    "Resources/stubs"
                ]
            },
            "notification-url": "https://packagist.org/downloads/",
            "license": [
                "MIT"
            ],
            "authors": [
                {
                    "name": "Nicolas Grekas",
                    "email": "p@tchwork.com"
                },
                {
                    "name": "Symfony Community",
                    "homepage": "https://symfony.com/contributors"
                }
            ],
            "description": "Symfony polyfill backporting some PHP 7.3+ features to lower PHP versions",
            "homepage": "https://symfony.com",
            "keywords": [
                "compatibility",
                "polyfill",
                "portable",
                "shim"
            ],
            "support": {
                "source": "https://github.com/symfony/polyfill-php73/tree/v1.29.0"
            },
            "funding": [
                {
                    "url": "https://symfony.com/sponsor",
                    "type": "custom"
                },
                {
                    "url": "https://github.com/fabpot",
                    "type": "github"
                },
                {
                    "url": "https://tidelift.com/funding/github/packagist/symfony/symfony",
                    "type": "tidelift"
                }
            ],
            "time": "2024-01-29T20:11:03+00:00"
        },
        {
            "name": "szepeviktor/phpstan-wordpress",
            "version": "v1.3.4",
            "source": {
                "type": "git",
                "url": "https://github.com/szepeviktor/phpstan-wordpress.git",
                "reference": "891d0767855a32c886a439efae090408cc1fa156"
            },
            "dist": {
                "type": "zip",
                "url": "https://api.github.com/repos/szepeviktor/phpstan-wordpress/zipball/891d0767855a32c886a439efae090408cc1fa156",
                "reference": "891d0767855a32c886a439efae090408cc1fa156",
                "shasum": ""
            },
            "require": {
                "php": "^7.2 || ^8.0",
                "php-stubs/wordpress-stubs": "^4.7 || ^5.0 || ^6.0",
                "phpstan/phpstan": "^1.10.31",
                "symfony/polyfill-php73": "^1.12.0"
            },
            "require-dev": {
                "composer/composer": "^2.1.14",
                "dealerdirect/phpcodesniffer-composer-installer": "^1.0",
                "php-parallel-lint/php-parallel-lint": "^1.1",
                "phpstan/phpstan-strict-rules": "^1.2",
                "phpunit/phpunit": "^8.0 || ^9.0",
                "szepeviktor/phpcs-psr-12-neutron-hybrid-ruleset": "^0.8"
            },
            "suggest": {
                "swissspidy/phpstan-no-private": "Detect usage of internal core functions, classes and methods"
            },
            "type": "phpstan-extension",
            "extra": {
                "phpstan": {
                    "includes": [
                        "extension.neon"
                    ]
                }
            },
            "autoload": {
                "psr-4": {
                    "SzepeViktor\\PHPStan\\WordPress\\": "src/"
                }
            },
            "notification-url": "https://packagist.org/downloads/",
            "license": [
                "MIT"
            ],
            "description": "WordPress extensions for PHPStan",
            "keywords": [
                "PHPStan",
                "code analyse",
                "code analysis",
                "static analysis",
                "wordpress"
            ],
            "support": {
                "issues": "https://github.com/szepeviktor/phpstan-wordpress/issues",
                "source": "https://github.com/szepeviktor/phpstan-wordpress/tree/v1.3.4"
            },
            "time": "2024-03-21T16:32:59+00:00"
        }
    ],
    "aliases": [],
    "minimum-stability": "stable",
    "stability-flags": [],
    "prefer-stable": false,
    "prefer-lowest": false,
    "platform": {
        "php": ">=8.0.0"
    },
    "platform-dev": [],
    "plugin-api-version": "2.6.0"
}
